PODS:
  - BRYSerialAnimationQueue (1.0.0)
  - UIColor-Hex (0.1.1)
  - UIImage+BetterAdditions (2.0.3)

DEPENDENCIES:
  - BRYSerialAnimationQueue (~> 1.0)
  - UIColor-Hex
  - UIImage+BetterAdditions (~> 2.0)

SPEC CHECKSUMS:
  BRYSerialAnimationQueue: 75feef56345338619a6c2111f2a81de28a59c368
  UIColor-Hex: 77e80f383c6b3a63c5e95a9a4a7f4a71976e38a5
  UIImage+BetterAdditions: 185cbe06059747dd4a65562c1b0c560e761d030c

PODFILE CHECKSUM: c31b450762388b66e38d357eb8efff1d75eb2ae4

COCOAPODS: 1.0.0
